
Microsoft Visual Studio Solution File, Format Version 12.00
# 
Project("{FAE04EC0-301F-11D3-BF4B-00C04F79EFBC}") = "Nutrition.Web", "src\Nutrition.Web\Nutrition.Web.csproj", "{4F67D1E3-7A41-4B7B-8F37-0B3E3AF75255}"
EndProject
Project("{2150E333-8FDC-42A3-9474-1A3956D46DE8}") = "src", "src", "{F5782D88-16F1-4CE9-B448-E0CE63B88791}"
EndProject
Project("{FAE04EC0-301F-11D3-BF4B-00C04F79EFBC}") = "Nutrition.Core", "src\Nutrition.Core\Nutrition.Core.csproj", "{6B6FC7E7-CD1C-46AB-9835-B3AB112986DC}"
EndProject
Project("{FAE04EC0-301F-11D3-BF4B-00C04F79EFBC}") = "Nutrition.Application", "src\Nutrition.Application\Nutrition.Application.csproj", "{D3352786-F37C-4D51-84CA-9BC3886ED0CD}"
EndProject
Project("{FAE04EC0-301F-11D3-BF4B-00C04F79EFBC}") = "Nutrition.Shared", "src\Nutrition.Shared\Nutrition.Shared.csproj", "{E88AE067-15ED-4B3D-8625-C74E071C046B}"
EndProject
Project("{2150E333-8FDC-42A3-9474-1A3956D46DE8}") = "tests", "tests", "{A63913AD-7553-4450-A031-558811806560}"
EndProject
Project("{FAE04EC0-301F-11D3-BF4B-00C04F79EFBC}") = "Nutrition.Application.Tests", "tests\Nutrition.Application.Tests\Nutrition.Application.Tests.csproj", "{38FA0D59-7EE8-4F17-AB49-D86B76C4B587}"
EndProject
Project("{FAE04EC0-301F-11D3-BF4B-00C04F79EFBC}") = "Nutrition.Infrastructure.Identity", "src\Nutrition.Infrastructure.Identity\Nutrition.Infrastructure.Identity.csproj", "{4E0C6AFB-16B2-4112-9BD6-570705C3E307}"
EndProject
Project("{FAE04EC0-301F-11D3-BF4B-00C04F79EFBC}") = "Nutrition.Infrastructure.Agent", "src\Nutrition.Infrastructure.Agent\Nutrition.Infrastructure.Agent.csproj", "{DA3E02CD-6FD3-497F-AAC0-98C35FC75A2E}"
EndProject
Global
	GlobalSection(SolutionConfigurationPlatforms) = preSolution
		Debug|Any CPU = Debug|Any CPU
		Release|Any CPU = Release|Any CPU
	EndGlobalSection
	GlobalSection(ProjectConfigurationPlatforms) = postSolution
		{4F67D1E3-7A41-4B7B-8F37-0B3E3AF75255}.Debug|Any CPU.ActiveCfg = Debug|Any CPU
		{4F67D1E3-7A41-4B7B-8F37-0B3E3AF75255}.Debug|Any CPU.Build.0 = Debug|Any CPU
		{4F67D1E3-7A41-4B7B-8F37-0B3E3AF75255}.Release|Any CPU.ActiveCfg = Release|Any CPU
		{4F67D1E3-7A41-4B7B-8F37-0B3E3AF75255}.Release|Any CPU.Build.0 = Release|Any CPU
		{6B6FC7E7-CD1C-46AB-9835-B3AB112986DC}.Debug|Any CPU.ActiveCfg = Debug|Any CPU
		{6B6FC7E7-CD1C-46AB-9835-B3AB112986DC}.Debug|Any CPU.Build.0 = Debug|Any CPU
		{6B6FC7E7-CD1C-46AB-9835-B3AB112986DC}.Release|Any CPU.ActiveCfg = Release|Any CPU
		{6B6FC7E7-CD1C-46AB-9835-B3AB112986DC}.Release|Any CPU.Build.0 = Release|Any CPU
		{D3352786-F37C-4D51-84CA-9BC3886ED0CD}.Debug|Any CPU.ActiveCfg = Debug|Any CPU
		{D3352786-F37C-4D51-84CA-9BC3886ED0CD}.Debug|Any CPU.Build.0 = Debug|Any CPU
		{D3352786-F37C-4D51-84CA-9BC3886ED0CD}.Release|Any CPU.ActiveCfg = Release|Any CPU
		{D3352786-F37C-4D51-84CA-9BC3886ED0CD}.Release|Any CPU.Build.0 = Release|Any CPU
		{E88AE067-15ED-4B3D-8625-C74E071C046B}.Debug|Any CPU.ActiveCfg = Debug|Any CPU
		{E88AE067-15ED-4B3D-8625-C74E071C046B}.Debug|Any CPU.Build.0 = Debug|Any CPU
		{E88AE067-15ED-4B3D-8625-C74E071C046B}.Release|Any CPU.ActiveCfg = Release|Any CPU
		{E88AE067-15ED-4B3D-8625-C74E071C046B}.Release|Any CPU.Build.0 = Release|Any CPU
		{38FA0D59-7EE8-4F17-AB49-D86B76C4B587}.Debug|Any CPU.ActiveCfg = Debug|Any CPU
		{38FA0D59-7EE8-4F17-AB49-D86B76C4B587}.Debug|Any CPU.Build.0 = Debug|Any CPU
		{38FA0D59-7EE8-4F17-AB49-D86B76C4B587}.Release|Any CPU.ActiveCfg = Release|Any CPU
		{38FA0D59-7EE8-4F17-AB49-D86B76C4B587}.Release|Any CPU.Build.0 = Release|Any CPU
		{4E0C6AFB-16B2-4112-9BD6-570705C3E307}.Debug|Any CPU.ActiveCfg = Debug|Any CPU
		{4E0C6AFB-16B2-4112-9BD6-570705C3E307}.Debug|Any CPU.Build.0 = Debug|Any CPU
		{4E0C6AFB-16B2-4112-9BD6-570705C3E307}.Release|Any CPU.ActiveCfg = Release|Any CPU
		{4E0C6AFB-16B2-4112-9BD6-570705C3E307}.Release|Any CPU.Build.0 = Release|Any CPU
		{DA3E02CD-6FD3-497F-AAC0-98C35FC75A2E}.Debug|Any CPU.ActiveCfg = Debug|Any CPU
		{DA3E02CD-6FD3-497F-AAC0-98C35FC75A2E}.Debug|Any CPU.Build.0 = Debug|Any CPU
		{DA3E02CD-6FD3-497F-AAC0-98C35FC75A2E}.Release|Any CPU.ActiveCfg = Release|Any CPU
		{DA3E02CD-6FD3-497F-AAC0-98C35FC75A2E}.Release|Any CPU.Build.0 = Release|Any CPU
	EndGlobalSection
	GlobalSection(NestedProjects) = preSolution
		{6B6FC7E7-CD1C-46AB-9835-B3AB112986DC} = {F5782D88-16F1-4CE9-B448-E0CE63B88791}
		{4F67D1E3-7A41-4B7B-8F37-0B3E3AF75255} = {F5782D88-16F1-4CE9-B448-E0CE63B88791}
		{D3352786-F37C-4D51-84CA-9BC3886ED0CD} = {F5782D88-16F1-4CE9-B448-E0CE63B88791}
		{E88AE067-15ED-4B3D-8625-C74E071C046B} = {F5782D88-16F1-4CE9-B448-E0CE63B88791}
		{38FA0D59-7EE8-4F17-AB49-D86B76C4B587} = {A63913AD-7553-4450-A031-558811806560}
		{4E0C6AFB-16B2-4112-9BD6-570705C3E307} = {F5782D88-16F1-4CE9-B448-E0CE63B88791}
		{DA3E02CD-6FD3-497F-AAC0-98C35FC75A2E} = {F5782D88-16F1-4CE9-B448-E0CE63B88791}
	EndGlobalSection
EndGlobal
